Microsoft Visual Studio Solution File, Format Version 12.00
# Visual Studio Version 17
VisualStudioVersion = 17.13.35931.197
MinimumVisualStudioVersion = 10.0.40219.1
Project("{FAE04EC0-301F-11D3-BF4B-00C04F79EFBC}") = "WebSudoku_v0.0.6", "WebSudoku_v0.0.6\WebSudoku_v0.0.6.csproj", "{8E499A70-4765-44A4-8D42-4DDE5C3D8354}"
EndProject
Global
	GlobalSection(SolutionConfigurationPlatforms) = preSolution
		Debug|Any CPU = Debug|Any CPU
		Release|Any CPU = Release|Any CPU
	EndGlobalSection
	GlobalSection(ProjectConfigurationPlatforms) = postSolution
		{8E499A70-4765-44A4-8D42-4DDE5C3D8354}.Debug|Any CPU.ActiveCfg = Debug|Any CPU
		{8E499A70-4765-44A4-8D42-4DDE5C3D8354}.Debug|Any CPU.Build.0 = Debug|Any CPU
		{8E499A70-4765-44A4-8D42-4DDE5C3D8354}.Release|Any CPU.ActiveCfg = Release|Any CPU
		{8E499A70-4765-44A4-8D42-4DDE5C3D8354}.Release|Any CPU.Build.0 = Release|Any CPU
	EndGlobalSection
	GlobalSection(SolutionProperties) = preSolution
		HideSolutionNode = FALSE
	EndGlobalSection
	GlobalSection(ExtensibilityGlobals) = postSolution
		SolutionGuid = {B1800BB2-A1B2-407A-8C22-31ED23E789C9}
	EndGlobalSection
EndGlobal
